<?xml version="1.0" encoding="utf-8"?>
<Project ToolsVersion="4.0" xmlns="http://schemas.microsoft.com/developer/msbuild/2003">
  <ItemGroup>
    <ClCompile Include="src\CellBox.cpp">
      <Filter>Source files</Filter>
    </ClCompile>
    <ClCompile Include="src\globalFuncs.cpp">
      <Filter>Source files</Filter>
    </ClCompile>
    <ClCompile Include="src\main.cpp">
      <Filter>Source files</Filter>
    </ClCompile>
    <ClCompile Include="src\QuadTree.cpp">
      <Filter>Source files</Filter>
    </ClCompile>
    <ClCompile Include="src\TreeNode.cpp">
      <Filter>Source files</Filter>
    </ClCompile>
    <ClCompile Include="src\QuadTreeForest.cpp">
      <Filter>Source files</Filter>
    </ClCompile>
    <ClCompile Include="src\CellData.cpp">
      <Filter>Source files</Filter>
    </ClCompile>
    <ClCompile Include="src\NodeEdge.cpp">
      <Filter>Source files</Filter>
    </ClCompile>
    <ClCompile Include="src\NodeTag.cpp">
      <Filter>Source files</Filter>
    </ClCompile>
    <ClCompile Include="src\ProblemConfig.cpp">
      <Filter>Source files</Filter>
    </ClCompile>
    <ClCompile Include="src\output.cpp">
      <Filter>Source files</Filter>
    </ClCompile>
  </ItemGroup>
  <ItemGroup>
    <ClInclude Include="src\CellBox.h">
      <Filter>Header files</Filter>
    </ClInclude>
    <ClInclude Include="src\main.h">
      <Filter>Header files</Filter>
    </ClInclude>
    <ClInclude Include="src\QuadTree.h">
      <Filter>Header files</Filter>
    </ClInclude>
    <ClInclude Include="src\TreeNode.h">
      <Filter>Header files</Filter>
    </ClInclude>
    <ClInclude Include="src\QuadTreeForest.h">
      <Filter>Header files</Filter>
    </ClInclude>
    <ClInclude Include="src\CellData.h">
      <Filter>Header files</Filter>
    </ClInclude>
    <ClInclude Include="src\NodeEdge.h">
      <Filter>Header files</Filter>
    </ClInclude>
    <ClInclude Include="src\NodeTag.h">
      <Filter>Header files</Filter>
    </ClInclude>
    <ClInclude Include="src\globalFuncs.h">
      <Filter>Header files</Filter>
    </ClInclude>
    <ClInclude Include="src\ProblemConfig.h">
      <Filter>Header files</Filter>
    </ClInclude>
    <ClInclude Include="src\output.h">
      <Filter>Header files</Filter>
    </ClInclude>
  </ItemGroup>
  <ItemGroup>
    <Filter Include="Header files">
      <UniqueIdentifier>{09f8a45e-6511-445f-8ffa-9c0c671303cb}</UniqueIdentifier>
    </Filter>
    <Filter Include="Source files">
      <UniqueIdentifier>{a5f0c2e1-3b26-47ff-9d0b-970df99654d4}</UniqueIdentifier>
    </Filter>
  </ItemGroup>
  <ItemGroup>
    <None Include="config.json" />
  </ItemGroup>
</Project>